
Microsoft Visual Studio Solution File, Format Version 11.00
# Visual Studio 2010
Project("{FAE04EC0-301F-11D3-BF4B-00C04F79EFBC}") = "TransitApp.iOS", "TransitApp.iOS.csproj", "{8A45DA6A-A624-4643-9759-9BF23E227129}"
EndProject
Global
	GlobalSection(SolutionConfigurationPlatforms) = preSolution
		Debug|iPhoneSimulator = Debug|iPhoneSimulator
		Release|iPhone = Release|iPhone
		Release|iPhoneSimulator = Release|iPhoneSimulator
		Debug|iPhone = Debug|iPhone
	EndGlobalSection
	GlobalSection(ProjectConfigurationPlatforms) = postSolution
		{8A45DA6A-A624-4643-9759-9BF23E227129}.Debug|iPhone.ActiveCfg = Debug|iPhone
		{8A45DA6A-A624-4643-9759-9BF23E227129}.Debug|iPhone.Build.0 = Debug|iPhone
		{8A45DA6A-A624-4643-9759-9BF23E227129}.Debug|iPhoneSimulator.ActiveCfg = Debug|iPhoneSimulator
		{8A45DA6A-A624-4643-9759-9BF23E227129}.Debug|iPhoneSimulator.Build.0 = Debug|iPhoneSimulator
		{8A45DA6A-A624-4643-9759-9BF23E227129}.Release|iPhone.ActiveCfg = Release|iPhone
		{8A45DA6A-A624-4643-9759-9BF23E227129}.Release|iPhone.Build.0 = Release|iPhone
		{8A45DA6A-A624-4643-9759-9BF23E227129}.Release|iPhoneSimulator.ActiveCfg = Release|iPhoneSimulator
		{8A45DA6A-A624-4643-9759-9BF23E227129}.Release|iPhoneSimulator.Build.0 = Release|iPhoneSimulator
	EndGlobalSection
EndGlobal
